
Microsoft Visual Studio Solution File, Format Version 12.00
# Visual Studio 15
VisualStudioVersion = 15.0.28010.2019
MinimumVisualStudioVersion = 10.0.40219.1
Project("{FAE04EC0-301F-11D3-BF4B-00C04F79EFBC}") = "WinControladorHorario", "Winsqllab\WinControladorHorario.csproj", "{C05381B2-AF77-4429-BBC5-CB008D933E77}"
EndProject
Project("{FAE04EC0-301F-11D3-BF4B-00C04F79EFBC}") = "ClassModeloSql", "ModeloSql\ClassModeloSql.csproj", "{C5C80CAB-7C87-46B1-8FB8-7B133073F14B}"
EndProject
Project("{FAE04EC0-301F-11D3-BF4B-00C04F79EFBC}") = "ClassVistaSql", "VistaSql\ClassVistaSql.csproj", "{5EE5EEE8-F735-44AA-B0AF-30A68F39D2F7}"
EndProject
Global
	GlobalSection(SolutionConfigurationPlatforms) = preSolution
		Debug|Any CPU = Debug|Any CPU
		Release|Any CPU = Release|Any CPU
	EndGlobalSection
	GlobalSection(ProjectConfigurationPlatforms) = postSolution
		{C05381B2-AF77-4429-BBC5-CB008D933E77}.Debug|Any CPU.ActiveCfg = Debug|Any CPU
		{C05381B2-AF77-4429-BBC5-CB008D933E77}.Debug|Any CPU.Build.0 = Debug|Any CPU
		{C05381B2-AF77-4429-BBC5-CB008D933E77}.Release|Any CPU.ActiveCfg = Release|Any CPU
		{C05381B2-AF77-4429-BBC5-CB008D933E77}.Release|Any CPU.Build.0 = Release|Any CPU
		{C5C80CAB-7C87-46B1-8FB8-7B133073F14B}.Debug|Any CPU.ActiveCfg = Debug|Any CPU
		{C5C80CAB-7C87-46B1-8FB8-7B133073F14B}.Debug|Any CPU.Build.0 = Debug|Any CPU
		{C5C80CAB-7C87-46B1-8FB8-7B133073F14B}.Release|Any CPU.ActiveCfg = Release|Any CPU
		{C5C80CAB-7C87-46B1-8FB8-7B133073F14B}.Release|Any CPU.Build.0 = Release|Any CPU
		{5EE5EEE8-F735-44AA-B0AF-30A68F39D2F7}.Debug|Any CPU.ActiveCfg = Debug|Any CPU
		{5EE5EEE8-F735-44AA-B0AF-30A68F39D2F7}.Debug|Any CPU.Build.0 = Debug|Any CPU
		{5EE5EEE8-F735-44AA-B0AF-30A68F39D2F7}.Release|Any CPU.ActiveCfg = Release|Any CPU
		{5EE5EEE8-F735-44AA-B0AF-30A68F39D2F7}.Release|Any CPU.Build.0 = Release|Any CPU
	EndGlobalSection
	GlobalSection(SolutionProperties) = preSolution
		HideSolutionNode = FALSE
	EndGlobalSection
	GlobalSection(ExtensibilityGlobals) = postSolution
		SolutionGuid = {6EA6357D-ECF0-49CC-9F7F-3DFB930D3BA7}
	EndGlobalSection
EndGlobal
